
Microsoft Visual Studio Solution File, Format Version 12.00
# Visual Studio Version 17
VisualStudioVersion = 17.6.33723.286
MinimumVisualStudioVersion = 10.0.40219.1
Project("{9A19103F-16F7-4668-BE54-9A1E7A4F7556}") = "DMVService", "DMVService\DMVService.csproj", "{7B6EE40C-2856-443D-8C78-4CE609B85029}"
EndProject
Project("{FAE04EC0-301F-11D3-BF4B-00C04F79EFBC}") = "UploadPlates", "UploadPlates\UploadPlates.csproj", "{2643691A-737A-418C-B59F-B8B65EC64B43}"
EndProject
Global
	GlobalSection(SolutionConfigurationPlatforms) = preSolution
		Debug|Any CPU = Debug|Any CPU
		Release|Any CPU = Release|Any CPU
	EndGlobalSection
	GlobalSection(ProjectConfigurationPlatforms) = postSolution
		{7B6EE40C-2856-443D-8C78-4CE609B85029}.Debug|Any CPU.ActiveCfg = Debug|Any CPU
		{7B6EE40C-2856-443D-8C78-4CE609B85029}.Debug|Any CPU.Build.0 = Debug|Any CPU
		{7B6EE40C-2856-443D-8C78-4CE609B85029}.Release|Any CPU.ActiveCfg = Release|Any CPU
		{7B6EE40C-2856-443D-8C78-4CE609B85029}.Release|Any CPU.Build.0 = Release|Any CPU
		{2643691A-737A-418C-B59F-B8B65EC64B43}.Debug|Any CPU.ActiveCfg = Debug|Any CPU
		{2643691A-737A-418C-B59F-B8B65EC64B43}.Debug|Any CPU.Build.0 = Debug|Any CPU
		{2643691A-737A-418C-B59F-B8B65EC64B43}.Release|Any CPU.ActiveCfg = Release|Any CPU
		{2643691A-737A-418C-B59F-B8B65EC64B43}.Release|Any CPU.Build.0 = Release|Any CPU
	EndGlobalSection
	GlobalSection(SolutionProperties) = preSolution
		HideSolutionNode = FALSE
	EndGlobalSection
	GlobalSection(ExtensibilityGlobals) = postSolution
		SolutionGuid = {73492CE2-9F05-4390-BA5C-EF4F26EAEF94}
	EndGlobalSection
EndGlobal
